
Microsoft Visual Studio Solution File, Format Version 12.00
# Visual Studio 2017
Project("{FAE04EC0-301F-11D3-BF4B-00C04F79EFBC}") = "Bolzan-Cerruti.Plugins", "Bolzan-Cerruti.Plugins.csproj", "{AD045E35-9E48-498C-309E-31F52A0DD685}"
EndProject
Project("{FAE04EC0-301F-11D3-BF4B-00C04F79EFBC}") = "Bolzan-Cerruti", "Bolzan-Cerruti.csproj", "{4D971630-6B8A-F54A-E964-488735F4D1F4}"
EndProject
Project("{FAE04EC0-301F-11D3-BF4B-00C04F79EFBC}") = "Bolzan-Cerruti.Editor.Plugins", "Bolzan-Cerruti.Editor.Plugins.csproj", "{974348E0-25CF-2112-7F4C-4B89411A5174}"
EndProject
Global
	GlobalSection(SolutionConfigurationPlatforms) = preSolution
		Debug|Any CPU = Debug|Any CPU
		Release|Any CPU = Release|Any CPU
	EndGlobalSection
	GlobalSection(ProjectConfigurationPlatforms) = postSolution
		{AD045E35-9E48-498C-309E-31F52A0DD685}.Debug|Any CPU.ActiveCfg = Debug|Any CPU
		{AD045E35-9E48-498C-309E-31F52A0DD685}.Debug|Any CPU.Build.0 = Debug|Any CPU
		{AD045E35-9E48-498C-309E-31F52A0DD685}.Release|Any CPU.ActiveCfg = Release|Any CPU
		{AD045E35-9E48-498C-309E-31F52A0DD685}.Release|Any CPU.Build.0 = Release|Any CPU
		{4D971630-6B8A-F54A-E964-488735F4D1F4}.Debug|Any CPU.ActiveCfg = Debug|Any CPU
		{4D971630-6B8A-F54A-E964-488735F4D1F4}.Debug|Any CPU.Build.0 = Debug|Any CPU
		{4D971630-6B8A-F54A-E964-488735F4D1F4}.Release|Any CPU.ActiveCfg = Release|Any CPU
		{4D971630-6B8A-F54A-E964-488735F4D1F4}.Release|Any CPU.Build.0 = Release|Any CPU
		{974348E0-25CF-2112-7F4C-4B89411A5174}.Debug|Any CPU.ActiveCfg = Debug|Any CPU
		{974348E0-25CF-2112-7F4C-4B89411A5174}.Debug|Any CPU.Build.0 = Debug|Any CPU
		{974348E0-25CF-2112-7F4C-4B89411A5174}.Release|Any CPU.ActiveCfg = Release|Any CPU
		{974348E0-25CF-2112-7F4C-4B89411A5174}.Release|Any CPU.Build.0 = Release|Any CPU
	EndGlobalSection
	GlobalSection(SolutionProperties) = preSolution
		HideSolutionNode = FALSE
	EndGlobalSection
EndGlobal
